hash: 3560c5174199adf584a6587fc8ee61620f454cb8e8c44c25420e5060813fbeda
updated: 2017-01-02T10:57:45.700982988+01:00
imports:
- name: github.com/coreos/etcd
  version: 3d5ba43211beec7fbb1472634a9c3b464581658a
  subpackages:
  - client
  - pkg/pathutil
  - pkg/types
- name: github.com/fatih/color
  version: dea9d3a26a087187530244679c1cfb3a42937794
- name: github.com/gorilla/context
  version: 08b5f424b9271eedf6f9f0ce86cb9396ed337a42
- name: github.com/gorilla/mux
  version: 0eeaf8392f5b04950925b8a69fe70f110fa7cbfc
- name: github.com/mattn/go-colorable
  version: 9fdad7c47650b7d2e1da50644c1f4ba7f172f252
- name: github.com/mattn/go-isatty
  version: 56b76bdf51f7708750eac80fa38b952bb9f32639
- name: github.com/satori/go.uuid
  version: 879c5887cd475cd7864858769793b2ceb0d44feb
- name: github.com/ugorji/go
  version: f1f1a805ed361a0e078bb537e4ea78cd37dcf065
  subpackages:
  - codec
- name: golang.org/x/net
  version: 6acef71eb69611914f7a30939ea9f6e194c78172
  subpackages:
  - context
- name: golang.org/x/sys
  version: 9c60d1c508f5134d1ca726b4641db998f2523357
  subpackages:
  - unix
testImports: []
